{
  "name": "strawmelonjuice.com",
  "lockfileVersion": 3,
  "requires": true,
  "packages": {
    "": {
      "dependencies": {
        "hl-img": "^1.10.3",
        "jquery": "^3.7.0"
      }
    },
    "node_modules/hl-img": {
      "version": "1.10.3",
      "resolved": "https://registry.npmjs.org/hl-img/-/hl-img-1.10.3.tgz",
      "integrity": "sha512-6afZKQQg2f4RefUVpoPL3sXKRXfoW8pV5dtUwC9qIAYE9vMGkXgaL3gvikmiyCqVJIyn37s1hZpTT/w1FBFpZg==",
      "funding": {
        "type": "individual",
        "url": "https://strawmelonjuice.com/?p=support"
      }
    },
    "node_modules/jquery": {
      "version": "3.7.0",
      "resolved": "https://registry.npmjs.org/jquery/-/jquery-3.7.0.tgz",
      "integrity": "sha512-umpJ0/k8X0MvD1ds0P9SfowREz2LenHsQaxSohMZ5OMNEU2r0tf8pdeEFTHMFxWVxKNyU9rTtK3CWzUCTKJUeQ=="
    }
  }
}
