{
    "name": "strawmelonjuice.com",
    "lockfileVersion": 3,
    "requires": true,
    "packages": {
        "": {
            "name": "strawmelonjuice.com",
            "dependencies": {
                "hl-img": "latest",
                "jquery": "^3.7.0"
            }
        },
        "node_modules/hl-img": {
            "version": "1.10.10",
            "resolved": "https://registry.npmjs.org/hl-img/-/hl-img-1.10.10.tgz",
            "integrity": "sha512-FyGanUKK8+07bY9VFA30CxH6FxTItyf2ztNoTQ0d1jQ2eKJDQOPJQbL4CIcEqtlTREUKXjyo3SX++iV8iZLz/g==",
            "funding": {
                "type": "individual",
                "url": "https://strawmelonjuice.com/?p=support"
            }
        },
        "node_modules/jquery": {
            "version": "3.7.0",
            "resolved": "https://registry.npmjs.org/jquery/-/jquery-3.7.0.tgz",
            "integrity": "sha512-umpJ0/k8X0MvD1ds0P9SfowREz2LenHsQaxSohMZ5OMNEU2r0tf8pdeEFTHMFxWVxKNyU9rTtK3CWzUCTKJUeQ=="
        }
    }
}
